
Microsoft Visual Studio Solution File, Format Version 12.00
# Visual Studio 15
VisualStudioVersion = 15.0.27428.2027
MinimumVisualStudioVersion = 10.0.40219.1
Project("{9A19103F-16F7-4668-BE54-9A1E7A4F7556}") = "Comp_2018_1", "Comp_2018_1\Comp_2018_1.csproj", "{7087F548-9EA5-4845-BA0B-3A96A0CFABCE}"
EndProject
Project("{2150E333-8FDC-42A3-9474-1A3956D46DE8}") = "Solution Items", "Solution Items", "{04DEC47C-08EB-46C1-B006-FC67F32BF79D}"
	ProjectSection(SolutionItems) = preProject
		TextFile1.txt = TextFile1.txt
	EndProjectSection
EndProject
Global
	GlobalSection(SolutionConfigurationPlatforms) = preSolution
		Debug|Any CPU = Debug|Any CPU
		Release|Any CPU = Release|Any CPU
	EndGlobalSection
	GlobalSection(ProjectConfigurationPlatforms) = postSolution
		{7087F548-9EA5-4845-BA0B-3A96A0CFABCE}.Debug|Any CPU.ActiveCfg = Debug|Any CPU
		{7087F548-9EA5-4845-BA0B-3A96A0CFABCE}.Debug|Any CPU.Build.0 = Debug|Any CPU
		{7087F548-9EA5-4845-BA0B-3A96A0CFABCE}.Release|Any CPU.ActiveCfg = Release|Any CPU
		{7087F548-9EA5-4845-BA0B-3A96A0CFABCE}.Release|Any CPU.Build.0 = Release|Any CPU
	EndGlobalSection
	GlobalSection(SolutionProperties) = preSolution
		HideSolutionNode = FALSE
	EndGlobalSection
	GlobalSection(ExtensibilityGlobals) = postSolution
		SolutionGuid = {046BF6D3-8FCA-4928-B727-F110AD0084A9}
	EndGlobalSection
EndGlobal
